
Microsoft Visual Studio Solution File, Format Version 12.00
# Visual Studio 15
VisualStudioVersion = 15.0.35826.109
MinimumVisualStudioVersion = 10.0.40219.1
Project("{FAE04EC0-301F-11D3-BF4B-00C04F79EFBC}") = "VoXuanThanh_0082", "VoXuanThanh_0082\VoXuanThanh_0082.csproj", "{B25467B4-C3EF-45A8-B772-DC7D36BC6C91}"
EndProject
Global
	GlobalSection(SolutionConfigurationPlatforms) = preSolution
		Debug|Any CPU = Debug|Any CPU
		Release|Any CPU = Release|Any CPU
	EndGlobalSection
	GlobalSection(ProjectConfigurationPlatforms) = postSolution
		{B25467B4-C3EF-45A8-B772-DC7D36BC6C91}.Debug|Any CPU.ActiveCfg = Debug|Any CPU
		{B25467B4-C3EF-45A8-B772-DC7D36BC6C91}.Debug|Any CPU.Build.0 = Debug|Any CPU
		{B25467B4-C3EF-45A8-B772-DC7D36BC6C91}.Release|Any CPU.ActiveCfg = Release|Any CPU
		{B25467B4-C3EF-45A8-B772-DC7D36BC6C91}.Release|Any CPU.Build.0 = Release|Any CPU
	EndGlobalSection
	GlobalSection(SolutionProperties) = preSolution
		HideSolutionNode = FALSE
	EndGlobalSection
	GlobalSection(ExtensibilityGlobals) = postSolution
		SolutionGuid = {63A3823A-6A48-4316-9CC1-9A04CA5AD471}
	EndGlobalSection
EndGlobal
